
Microsoft Visual Studio Solution File, Format Version 12.00
# Visual Studio Version 16
VisualStudioVersion = 16.0.29926.136
MinimumVisualStudioVersion = 10.0.40219.1
Project("{FAE04EC0-301F-11D3-BF4B-00C04F79EFBC}") = "Portfolio Beta", "Portfolio Beta\Portfolio Beta.csproj", "{CF52DC64-DB81-4A4D-B958-217F4615DA4D}"
EndProject
Global
	GlobalSection(SolutionConfigurationPlatforms) = preSolution
		Debug|Any CPU = Debug|Any CPU
		Release|Any CPU = Release|Any CPU
	EndGlobalSection
	GlobalSection(ProjectConfigurationPlatforms) = postSolution
		{CF52DC64-DB81-4A4D-B958-217F4615DA4D}.Debug|Any CPU.ActiveCfg = Debug|Any CPU
		{CF52DC64-DB81-4A4D-B958-217F4615DA4D}.Debug|Any CPU.Build.0 = Debug|Any CPU
		{CF52DC64-DB81-4A4D-B958-217F4615DA4D}.Release|Any CPU.ActiveCfg = Release|Any CPU
		{CF52DC64-DB81-4A4D-B958-217F4615DA4D}.Release|Any CPU.Build.0 = Release|Any CPU
	EndGlobalSection
	GlobalSection(SolutionProperties) = preSolution
		HideSolutionNode = FALSE
	EndGlobalSection
	GlobalSection(ExtensibilityGlobals) = postSolution
		SolutionGuid = {F9E24785-D725-48C1-AE0D-36DCBFECD5FC}
	EndGlobalSection
EndGlobal
